
Microsoft Visual Studio Solution File, Format Version 12.00
# Visual Studio 15
Project("{FAE04EC0-301F-11D3-BF4B-00C04F79EFBC}") = "Chattu.Droid", "Chattu.Droid\Chattu.Droid.csproj", "{444092F2-1523-434D-BC45-A18B4895D1F8}"
EndProject
Project("{FAE04EC0-301F-11D3-BF4B-00C04F79EFBC}") = "Chattu.iOS", "Chattu.iOS\Chattu.iOS.csproj", "{D2A49042-D7E6-44CC-986C-B176DC9FA70E}"
EndProject
Project("{FAE04EC0-301F-11D3-BF4B-00C04F79EFBC}") = "Chattu.UI", "Chattu.UI\Chattu.UI.csproj", "{7F1B8E98-785A-418B-A2DF-8B590032465A}"
EndProject
Global
	GlobalSection(SolutionConfigurationPlatforms) = preSolution
		Debug|Any CPU = Debug|Any CPU
		Release|Any CPU = Release|Any CPU
		Debug|iPhoneSimulator = Debug|iPhoneSimulator
		Release|iPhoneSimulator = Release|iPhoneSimulator
		Debug|iPhone = Debug|iPhone
		Release|iPhone = Release|iPhone
	EndGlobalSection
	GlobalSection(ProjectConfigurationPlatforms) = postSolution
		{444092F2-1523-434D-BC45-A18B4895D1F8}.Debug|Any CPU.ActiveCfg = Debug|Any CPU
		{444092F2-1523-434D-BC45-A18B4895D1F8}.Debug|Any CPU.Build.0 = Debug|Any CPU
		{444092F2-1523-434D-BC45-A18B4895D1F8}.Release|Any CPU.ActiveCfg = Release|Any CPU
		{444092F2-1523-434D-BC45-A18B4895D1F8}.Release|Any CPU.Build.0 = Release|Any CPU
		{444092F2-1523-434D-BC45-A18B4895D1F8}.Debug|iPhoneSimulator.ActiveCfg = Debug|Any CPU
		{444092F2-1523-434D-BC45-A18B4895D1F8}.Debug|iPhoneSimulator.Build.0 = Debug|Any CPU
		{444092F2-1523-434D-BC45-A18B4895D1F8}.Release|iPhoneSimulator.ActiveCfg = Release|Any CPU
		{444092F2-1523-434D-BC45-A18B4895D1F8}.Release|iPhoneSimulator.Build.0 = Release|Any CPU
		{444092F2-1523-434D-BC45-A18B4895D1F8}.Debug|iPhone.ActiveCfg = Debug|Any CPU
		{444092F2-1523-434D-BC45-A18B4895D1F8}.Debug|iPhone.Build.0 = Debug|Any CPU
		{444092F2-1523-434D-BC45-A18B4895D1F8}.Release|iPhone.ActiveCfg = Release|Any CPU
		{444092F2-1523-434D-BC45-A18B4895D1F8}.Release|iPhone.Build.0 = Release|Any CPU
		{D2A49042-D7E6-44CC-986C-B176DC9FA70E}.Debug|Any CPU.ActiveCfg = Debug|iPhoneSimulator
		{D2A49042-D7E6-44CC-986C-B176DC9FA70E}.Debug|Any CPU.Build.0 = Debug|iPhoneSimulator
		{D2A49042-D7E6-44CC-986C-B176DC9FA70E}.Release|Any CPU.ActiveCfg = Release|iPhoneSimulator
		{D2A49042-D7E6-44CC-986C-B176DC9FA70E}.Release|Any CPU.Build.0 = Release|iPhoneSimulator
		{D2A49042-D7E6-44CC-986C-B176DC9FA70E}.Debug|iPhoneSimulator.ActiveCfg = Debug|iPhoneSimulator
		{D2A49042-D7E6-44CC-986C-B176DC9FA70E}.Debug|iPhoneSimulator.Build.0 = Debug|iPhoneSimulator
		{D2A49042-D7E6-44CC-986C-B176DC9FA70E}.Release|iPhoneSimulator.ActiveCfg = Release|iPhoneSimulator
		{D2A49042-D7E6-44CC-986C-B176DC9FA70E}.Release|iPhoneSimulator.Build.0 = Release|iPhoneSimulator
		{D2A49042-D7E6-44CC-986C-B176DC9FA70E}.Debug|iPhone.ActiveCfg = Debug|iPhone
		{D2A49042-D7E6-44CC-986C-B176DC9FA70E}.Debug|iPhone.Build.0 = Debug|iPhone
		{D2A49042-D7E6-44CC-986C-B176DC9FA70E}.Release|iPhone.ActiveCfg = Release|iPhone
		{D2A49042-D7E6-44CC-986C-B176DC9FA70E}.Release|iPhone.Build.0 = Release|iPhone
		{7F1B8E98-785A-418B-A2DF-8B590032465A}.Debug|Any CPU.ActiveCfg = Debug|Any CPU
		{7F1B8E98-785A-418B-A2DF-8B590032465A}.Debug|Any CPU.Build.0 = Debug|Any CPU
		{7F1B8E98-785A-418B-A2DF-8B590032465A}.Release|Any CPU.ActiveCfg = Release|Any CPU
		{7F1B8E98-785A-418B-A2DF-8B590032465A}.Release|Any CPU.Build.0 = Release|Any CPU
		{7F1B8E98-785A-418B-A2DF-8B590032465A}.Debug|iPhoneSimulator.ActiveCfg = Debug|Any CPU
		{7F1B8E98-785A-418B-A2DF-8B590032465A}.Debug|iPhoneSimulator.Build.0 = Debug|Any CPU
		{7F1B8E98-785A-418B-A2DF-8B590032465A}.Release|iPhoneSimulator.ActiveCfg = Release|Any CPU
		{7F1B8E98-785A-418B-A2DF-8B590032465A}.Release|iPhoneSimulator.Build.0 = Release|Any CPU
		{7F1B8E98-785A-418B-A2DF-8B590032465A}.Debug|iPhone.ActiveCfg = Debug|Any CPU
		{7F1B8E98-785A-418B-A2DF-8B590032465A}.Debug|iPhone.Build.0 = Debug|Any CPU
		{7F1B8E98-785A-418B-A2DF-8B590032465A}.Release|iPhone.ActiveCfg = Release|Any CPU
		{7F1B8E98-785A-418B-A2DF-8B590032465A}.Release|iPhone.Build.0 = Release|Any CPU
	EndGlobalSection
EndGlobal
